
Microsoft Visual Studio Solution File, Format Version 12.00
# Visual Studio Version 17
VisualStudioVersion = 17.7.34003.232
MinimumVisualStudioVersion = 10.0.40219.1
Project("{FAE04EC0-301F-11D3-BF4B-00C04F79EFBC}") = "TravelTripProje", "TravelTripProje\TravelTripProje.csproj", "{A8DB55D1-4E9B-4BCD-AC88-D48EB2D75BAC}"
EndProject
Global
	GlobalSection(SolutionConfigurationPlatforms) = preSolution
		Debug|Any CPU = Debug|Any CPU
		Release|Any CPU = Release|Any CPU
	EndGlobalSection
	GlobalSection(ProjectConfigurationPlatforms) = postSolution
		{A8DB55D1-4E9B-4BCD-AC88-D48EB2D75BAC}.Debug|Any CPU.ActiveCfg = Debug|Any CPU
		{A8DB55D1-4E9B-4BCD-AC88-D48EB2D75BAC}.Debug|Any CPU.Build.0 = Debug|Any CPU
		{A8DB55D1-4E9B-4BCD-AC88-D48EB2D75BAC}.Release|Any CPU.ActiveCfg = Release|Any CPU
		{A8DB55D1-4E9B-4BCD-AC88-D48EB2D75BAC}.Release|Any CPU.Build.0 = Release|Any CPU
	EndGlobalSection
	GlobalSection(SolutionProperties) = preSolution
		HideSolutionNode = FALSE
	EndGlobalSection
	GlobalSection(ExtensibilityGlobals) = postSolution
		SolutionGuid = {56692288-0C35-48DD-8120-BFBF69B8796C}
	EndGlobalSection
EndGlobal
